
Microsoft Visual Studio Solution File, Format Version 12.00
# Visual Studio Version 17
VisualStudioVersion = 17.9.34714.143
MinimumVisualStudioVersion = 10.0.40219.1
Project("{FAE04EC0-301F-11D3-BF4B-00C04F79EFBC}") = "NvbLab05.1", "NvbLab05.1\NvbLab05.1.csproj", "{DDD383B9-1562-4440-BC26-D08602B2BFF2}"
EndProject
Global
	GlobalSection(SolutionConfigurationPlatforms) = preSolution
		Debug|Any CPU = Debug|Any CPU
		Release|Any CPU = Release|Any CPU
	EndGlobalSection
	GlobalSection(ProjectConfigurationPlatforms) = postSolution
		{DDD383B9-1562-4440-BC26-D08602B2BFF2}.Debug|Any CPU.ActiveCfg = Debug|Any CPU
		{DDD383B9-1562-4440-BC26-D08602B2BFF2}.Debug|Any CPU.Build.0 = Debug|Any CPU
		{DDD383B9-1562-4440-BC26-D08602B2BFF2}.Release|Any CPU.ActiveCfg = Release|Any CPU
		{DDD383B9-1562-4440-BC26-D08602B2BFF2}.Release|Any CPU.Build.0 = Release|Any CPU
	EndGlobalSection
	GlobalSection(SolutionProperties) = preSolution
		HideSolutionNode = FALSE
	EndGlobalSection
	GlobalSection(ExtensibilityGlobals) = postSolution
		SolutionGuid = {BFAF5D3D-FA47-43D2-ABCD-13A699C67E1F}
	EndGlobalSection
EndGlobal
