
Microsoft Visual Studio Solution File, Format Version 12.00
# Visual Studio Version 17
VisualStudioVersion = 17.9.34714.143
MinimumVisualStudioVersion = 10.0.40219.1
Project("{FAE04EC0-301F-11D3-BF4B-00C04F79EFBC}") = "NvbLesson04Online", "NvbLesson04Online\NvbLesson04Online.csproj", "{85E65830-C1B6-40AD-8715-D4D13DA6D098}"
EndProject
Global
	GlobalSection(SolutionConfigurationPlatforms) = preSolution
		Debug|Any CPU = Debug|Any CPU
		Release|Any CPU = Release|Any CPU
	EndGlobalSection
	GlobalSection(ProjectConfigurationPlatforms) = postSolution
		{85E65830-C1B6-40AD-8715-D4D13DA6D098}.Debug|Any CPU.ActiveCfg = Debug|Any CPU
		{85E65830-C1B6-40AD-8715-D4D13DA6D098}.Debug|Any CPU.Build.0 = Debug|Any CPU
		{85E65830-C1B6-40AD-8715-D4D13DA6D098}.Release|Any CPU.ActiveCfg = Release|Any CPU
		{85E65830-C1B6-40AD-8715-D4D13DA6D098}.Release|Any CPU.Build.0 = Release|Any CPU
	EndGlobalSection
	GlobalSection(SolutionProperties) = preSolution
		HideSolutionNode = FALSE
	EndGlobalSection
	GlobalSection(ExtensibilityGlobals) = postSolution
		SolutionGuid = {2FC107BC-C6CE-4B56-829E-8B21D58032A3}
	EndGlobalSection
EndGlobal
