
Microsoft Visual Studio Solution File, Format Version 12.00
# Visual Studio Version 17
VisualStudioVersion = 17.9.34714.143
MinimumVisualStudioVersion = 10.0.40219.1
Project("{FAE04EC0-301F-11D3-BF4B-00C04F79EFBC}") = "bai2_1", "bai2_1\bai2_1.csproj", "{B2632247-E6BD-442E-8A32-B789B638387C}"
EndProject
Project("{FAE04EC0-301F-11D3-BF4B-00C04F79EFBC}") = "bai2_2", "bai2_2\bai2_2.csproj", "{FB3341B8-C105-4B10-B140-859194421F03}"
EndProject
Project("{FAE04EC0-301F-11D3-BF4B-00C04F79EFBC}") = "bai2_bttl", "bai2_bttl\bai2_bttl.csproj", "{23088869-7213-437E-B9DC-5049BF2139FD}"
EndProject
Global
	GlobalSection(SolutionConfigurationPlatforms) = preSolution
		Debug|Any CPU = Debug|Any CPU
		Release|Any CPU = Release|Any CPU
	EndGlobalSection
	GlobalSection(ProjectConfigurationPlatforms) = postSolution
		{B2632247-E6BD-442E-8A32-B789B638387C}.Debug|Any CPU.ActiveCfg = Debug|Any CPU
		{B2632247-E6BD-442E-8A32-B789B638387C}.Debug|Any CPU.Build.0 = Debug|Any CPU
		{B2632247-E6BD-442E-8A32-B789B638387C}.Release|Any CPU.ActiveCfg = Release|Any CPU
		{B2632247-E6BD-442E-8A32-B789B638387C}.Release|Any CPU.Build.0 = Release|Any CPU
		{FB3341B8-C105-4B10-B140-859194421F03}.Debug|Any CPU.ActiveCfg = Debug|Any CPU
		{FB3341B8-C105-4B10-B140-859194421F03}.Debug|Any CPU.Build.0 = Debug|Any CPU
		{FB3341B8-C105-4B10-B140-859194421F03}.Release|Any CPU.ActiveCfg = Release|Any CPU
		{FB3341B8-C105-4B10-B140-859194421F03}.Release|Any CPU.Build.0 = Release|Any CPU
		{23088869-7213-437E-B9DC-5049BF2139FD}.Debug|Any CPU.ActiveCfg = Debug|Any CPU
		{23088869-7213-437E-B9DC-5049BF2139FD}.Debug|Any CPU.Build.0 = Debug|Any CPU
		{23088869-7213-437E-B9DC-5049BF2139FD}.Release|Any CPU.ActiveCfg = Release|Any CPU
		{23088869-7213-437E-B9DC-5049BF2139FD}.Release|Any CPU.Build.0 = Release|Any CPU
	EndGlobalSection
	GlobalSection(SolutionProperties) = preSolution
		HideSolutionNode = FALSE
	EndGlobalSection
	GlobalSection(ExtensibilityGlobals) = postSolution
		SolutionGuid = {658427DE-025C-4D1A-BEF2-99AE1BA62298}
	EndGlobalSection
EndGlobal
